
Microsoft Visual Studio Solution File, Format Version 12.00
# Visual Studio Version 17
VisualStudioVersion = 17.3.32825.248
MinimumVisualStudioVersion = 10.0.40219.1
Project("{FAE04EC0-301F-11D3-BF4B-00C04F79EFBC}") = "Motorcykel", "Motorcykel\Motorcykel.csproj", "{385E78C2-EBCF-4FA8-B32D-99D66D237C24}"
EndProject
Global
	GlobalSection(SolutionConfigurationPlatforms) = preSolution
		Debug|Any CPU = Debug|Any CPU
		Release|Any CPU = Release|Any CPU
	EndGlobalSection
	GlobalSection(ProjectConfigurationPlatforms) = postSolution
		{385E78C2-EBCF-4FA8-B32D-99D66D237C24}.Debug|Any CPU.ActiveCfg = Debug|Any CPU
		{385E78C2-EBCF-4FA8-B32D-99D66D237C24}.Debug|Any CPU.Build.0 = Debug|Any CPU
		{385E78C2-EBCF-4FA8-B32D-99D66D237C24}.Release|Any CPU.ActiveCfg = Release|Any CPU
		{385E78C2-EBCF-4FA8-B32D-99D66D237C24}.Release|Any CPU.Build.0 = Release|Any CPU
	EndGlobalSection
	GlobalSection(SolutionProperties) = preSolution
		HideSolutionNode = FALSE
	EndGlobalSection
	GlobalSection(ExtensibilityGlobals) = postSolution
		SolutionGuid = {13B35D4B-D62F-4777-BB7A-F7230911157B}
	EndGlobalSection
EndGlobal
